
Microsoft Visual Studio Solution File, Format Version 12.00
# Visual Studio Version 16
VisualStudioVersion = 16.0.29215.179
MinimumVisualStudioVersion = 10.0.40219.1
Project("{FAE04EC0-301F-11D3-BF4B-00C04F79EFBC}") = "Scraping_v1.9", "Scraping_v1.9\Scraping_v1.9.csproj", "{C0C7F5CA-1394-4E65-A8AF-E9F2B4A9031E}"
EndProject
Global
	GlobalSection(SolutionConfigurationPlatforms) = preSolution
		Debug|Any CPU = Debug|Any CPU
		Release|Any CPU = Release|Any CPU
	EndGlobalSection
	GlobalSection(ProjectConfigurationPlatforms) = postSolution
		{C0C7F5CA-1394-4E65-A8AF-E9F2B4A9031E}.Debug|Any CPU.ActiveCfg = Debug|Any CPU
		{C0C7F5CA-1394-4E65-A8AF-E9F2B4A9031E}.Debug|Any CPU.Build.0 = Debug|Any CPU
		{C0C7F5CA-1394-4E65-A8AF-E9F2B4A9031E}.Release|Any CPU.ActiveCfg = Release|Any CPU
		{C0C7F5CA-1394-4E65-A8AF-E9F2B4A9031E}.Release|Any CPU.Build.0 = Release|Any CPU
	EndGlobalSection
	GlobalSection(SolutionProperties) = preSolution
		HideSolutionNode = FALSE
	EndGlobalSection
	GlobalSection(ExtensibilityGlobals) = postSolution
		SolutionGuid = {ADC10597-895F-4BB2-BF26-AA02E5FCA6B6}
	EndGlobalSection
EndGlobal
